// !$*UTF8*$!
{
	archiveVersion = 1;
	classes = {
	};
	objectVersion = 46;
	objects = {

/* Begin PBXBuildFile section */
		607FACD61AFB9204008FA782 /* AppDelegate.swift in Sources */ = {isa = PBXBuildFile; fileRef = 607FACD51AFB9204008FA782 /* AppDelegate.swift */; };
		607FACD81AFB9204008FA782 /* ViewController.swift in Sources */ = {isa = PBXBuildFile; fileRef = 607FACD71AFB9204008FA782 /* ViewController.swift */; };
		607FACDB1AFB9204008FA782 /* Main.storyboard in Resources */ = {isa = PBXBuildFile; fileRef = 607FACD91AFB9204008FA782 /* Main.storyboard */; };
		607FACDD1AFB9204008FA782 /* Images.xcassets in Resources */ = {isa = PBXBuildFile; fileRef = 607FACDC1AFB9204008FA782 /* Images.xcassets */; };
		607FACE01AFB9204008FA782 /* LaunchScreen.xib in Resources */ = {isa = PBXBuildFile; fileRef = 607FACDE1AFB9204008FA782 /* LaunchScreen.xib */; };
		607FACEC1AFB9204008FA782 /* Tests.swift in Sources */ = {isa = PBXBuildFile; fileRef = 607FACEB1AFB9204008FA782 /* Tests.swift */; };
		66EEE18FD670BC87AA15E8B4 /* Pods_AMGAutolayoutHelper_Tests.framework in Frameworks */ = {isa = PBXBuildFile; fileRef = 02F968602D259A7AEBD9F763 /* Pods_AMGAutolayoutHelper_Tests.framework */; };
		ADC1EDC61E5B35590055A4F8 /* Tests2.swift in Sources */ = {isa = PBXBuildFile; fileRef = ADC1EDAE1E5B35590055A4F8 /* Tests2.swift */; };
		ADC1EDC71E5B35590055A4F8 /* Tests3.swift in Sources */ = {isa = PBXBuildFile; fileRef = ADC1EDAF1E5B35590055A4F8 /* Tests3.swift */; };
		ADC1EDC81E5B35590055A4F8 /* Tests4.swift in Sources */ = {isa = PBXBuildFile; fileRef = ADC1EDB01E5B35590055A4F8 /* Tests4.swift */; };
		ADC1EDC91E5B35590055A4F8 /* Tests5.swift in Sources */ = {isa = PBXBuildFile; fileRef = ADC1EDB11E5B35590055A4F8 /* Tests5.swift */; };
		ADC1EDCA1E5B35590055A4F8 /* Tests6.swift in Sources */ = {isa = PBXBuildFile; fileRef = ADC1EDB21E5B35590055A4F8 /* Tests6.swift */; };
		ADC1EDCB1E5B35590055A4F8 /* Tests7.swift in Sources */ = {isa = PBXBuildFile; fileRef = ADC1EDB31E5B35590055A4F8 /* Tests7.swift */; };
		ADC1EDCC1E5B35590055A4F8 /* Tests8.swift in Sources */ = {isa = PBXBuildFile; fileRef = ADC1EDB41E5B35590055A4F8 /* Tests8.swift */; };
		ADC1EDCD1E5B35590055A4F8 /* Tests9.swift in Sources */ = {isa = PBXBuildFile; fileRef = ADC1EDB51E5B35590055A4F8 /* Tests9.swift */; };
		ADC1EDCE1E5B35590055A4F8 /* Tests10.swift in Sources */ = {isa = PBXBuildFile; fileRef = ADC1EDB61E5B35590055A4F8 /* Tests10.swift */; };
		ADC1EDCF1E5B35590055A4F8 /* Tests11.swift in Sources */ = {isa = PBXBuildFile; fileRef = ADC1EDB71E5B35590055A4F8 /* Tests11.swift */; };
		ADC1EDD01E5B35590055A4F8 /* Tests12.swift in Sources */ = {isa = PBXBuildFile; fileRef = ADC1EDB81E5B35590055A4F8 /* Tests12.swift */; };
		ADC1EDD11E5B35590055A4F8 /* Tests13.swift in Sources */ = {isa = PBXBuildFile; fileRef = ADC1EDB91E5B35590055A4F8 /* Tests13.swift */; };
		ADC1EDD21E5B35590055A4F8 /* Tests14.swift in Sources */ = {isa = PBXBuildFile; fileRef = ADC1EDBA1E5B35590055A4F8 /* Tests14.swift */; };
		ADC1EDD31E5B35590055A4F8 /* Tests15.swift in Sources */ = {isa = PBXBuildFile; fileRef = ADC1EDBB1E5B35590055A4F8 /* Tests15.swift */; };
		ADC1EDD41E5B35590055A4F8 /* Tests16.swift in Sources */ = {isa = PBXBuildFile; fileRef = ADC1EDBC1E5B35590055A4F8 /* Tests16.swift */; };
		ADC1EDD61E5B35590055A4F8 /* Tests18.swift in Sources */ = {isa = PBXBuildFile; fileRef = ADC1EDBE1E5B35590055A4F8 /* Tests18.swift */; };
		ADC1EDD71E5B35590055A4F8 /* Tests19.swift in Sources */ = {isa = PBXBuildFile; fileRef = ADC1EDBF1E5B35590055A4F8 /* Tests19.swift */; };
		ADC1EDD81E5B35590055A4F8 /* Tests20.swift in Sources */ = {isa = PBXBuildFile; fileRef = ADC1EDC01E5B35590055A4F8 /* Tests20.swift */; };
		ADC1EDD91E5B35590055A4F8 /* Tests21.swift in Sources */ = {isa = PBXBuildFile; fileRef = ADC1EDC11E5B35590055A4F8 /* Tests21.swift */; };
		ADC1EDDA1E5B35590055A4F8 /* Tests22.swift in Sources */ = {isa = PBXBuildFile; fileRef = ADC1EDC21E5B35590055A4F8 /* Tests22.swift */; };
		ADC1EDDB1E5B35590055A4F8 /* Tests23.swift in Sources */ = {isa = PBXBuildFile; fileRef = ADC1EDC31E5B35590055A4F8 /* Tests23.swift */; };
		ADC1EDDC1E5B35590055A4F8 /* Tests24.swift in Sources */ = {isa = PBXBuildFile; fileRef = ADC1EDC41E5B35590055A4F8 /* Tests24.swift */; };
		ADC1EDDD1E5B35590055A4F8 /* Tests25.swift in Sources */ = {isa = PBXBuildFile; fileRef = ADC1EDC51E5B35590055A4F8 /* Tests25.swift */; };
		ADC1EDDE1E5B36010055A4F8 /* Tests2.swift in Sources */ = {isa = PBXBuildFile; fileRef = ADC1EDAE1E5B35590055A4F8 /* Tests2.swift */; };
		ADC1EDDF1E5B36010055A4F8 /* Tests3.swift in Sources */ = {isa = PBXBuildFile; fileRef = ADC1EDAF1E5B35590055A4F8 /* Tests3.swift */; };
		ADC1EDE01E5B36010055A4F8 /* Tests4.swift in Sources */ = {isa = PBXBuildFile; fileRef = ADC1EDB01E5B35590055A4F8 /* Tests4.swift */; };
		ADC1EDE11E5B36010055A4F8 /* Tests5.swift in Sources */ = {isa = PBXBuildFile; fileRef = ADC1EDB11E5B35590055A4F8 /* Tests5.swift */; };
		ADC1EDE21E5B36010055A4F8 /* Tests6.swift in Sources */ = {isa = PBXBuildFile; fileRef = ADC1EDB21E5B35590055A4F8 /* Tests6.swift */; };
		ADC1EDE31E5B36010055A4F8 /* Tests7.swift in Sources */ = {isa = PBXBuildFile; fileRef = ADC1EDB31E5B35590055A4F8 /* Tests7.swift */; };
		ADC1EDE41E5B36010055A4F8 /* Tests8.swift in Sources */ = {isa = PBXBuildFile; fileRef = ADC1EDB41E5B35590055A4F8 /* Tests8.swift */; };
		ADC1EDE51E5B36010055A4F8 /* Tests9.swift in Sources */ = {isa = PBXBuildFile; fileRef = ADC1EDB51E5B35590055A4F8 /* Tests9.swift */; };
		ADC1EDE61E5B36010055A4F8 /* Tests10.swift in Sources */ = {isa = PBXBuildFile; fileRef = ADC1EDB61E5B35590055A4F8 /* Tests10.swift */; };
		ADC1EDE71E5B36010055A4F8 /* Tests11.swift in Sources */ = {isa = PBXBuildFile; fileRef = ADC1EDB71E5B35590055A4F8 /* Tests11.swift */; };
		ADC1EDE81E5B36010055A4F8 /* Tests12.swift in Sources */ = {isa = PBXBuildFile; fileRef = ADC1EDB81E5B35590055A4F8 /* Tests12.swift */; };
		ADC1EDE91E5B36010055A4F8 /* Tests13.swift in Sources */ = {isa = PBXBuildFile; fileRef = ADC1EDB91E5B35590055A4F8 /* Tests13.swift */; };
		ADC1EDEA1E5B36010055A4F8 /* Tests14.swift in Sources */ = {isa = PBXBuildFile; fileRef = ADC1EDBA1E5B35590055A4F8 /* Tests14.swift */; };
		ADC1EDEB1E5B36010055A4F8 /* Tests15.swift in Sources */ = {isa = PBXBuildFile; fileRef = ADC1EDBB1E5B35590055A4F8 /* Tests15.swift */; };
		ADC1EDEC1E5B36010055A4F8 /* Tests16.swift in Sources */ = {isa = PBXBuildFile; fileRef = ADC1EDBC1E5B35590055A4F8 /* Tests16.swift */; };
		ADC1EDED1E5B36010055A4F8 /* Tests18.swift in Sources */ = {isa = PBXBuildFile; fileRef = ADC1EDBE1E5B35590055A4F8 /* Tests18.swift */; };
		ADC1EDEE1E5B36010055A4F8 /* Tests19.swift in Sources */ = {isa = PBXBuildFile; fileRef = ADC1EDBF1E5B35590055A4F8 /* Tests19.swift */; };
		ADC1EDEF1E5B36010055A4F8 /* Tests20.swift in Sources */ = {isa = PBXBuildFile; fileRef = ADC1EDC01E5B35590055A4F8 /* Tests20.swift */; };
		ADC1EDF01E5B36010055A4F8 /* Tests21.swift in Sources */ = {isa = PBXBuildFile; fileRef = ADC1EDC11E5B35590055A4F8 /* Tests21.swift */; };
		ADC1EDF11E5B36010055A4F8 /* Tests22.swift in Sources */ = {isa = PBXBuildFile; fileRef = ADC1EDC21E5B35590055A4F8 /* Tests22.swift */; };
		ADC1EDF21E5B36010055A4F8 /* Tests23.swift in Sources */ = {isa = PBXBuildFile; fileRef = ADC1EDC31E5B35590055A4F8 /* Tests23.swift */; };
		ADC1EDF31E5B36010055A4F8 /* Tests24.swift in Sources */ = {isa = PBXBuildFile; fileRef = ADC1EDC41E5B35590055A4F8 /* Tests24.swift */; };
		ADC1EDF41E5B36010055A4F8 /* Tests25.swift in Sources */ = {isa = PBXBuildFile; fileRef = ADC1EDC51E5B35590055A4F8 /* Tests25.swift */; };
		C5793924A5FE8CE414042C84 /* Pods_AMGAutolayoutHelper_Example.framework in Frameworks */ = {isa = PBXBuildFile; fileRef = A9A44137DF21A0445B24C321 /* Pods_AMGAutolayoutHelper_Example.framework */; };
/* End PBXBuildFile section */

/* Begin PBXContainerItemProxy section */
		607FACE61AFB9204008FA782 /* PBXContainerItemProxy */ = {
			isa = PBXContainerItemProxy;
			containerPortal = 607FACC81AFB9204008FA782 /* Project object */;
			proxyType = 1;
			remoteGlobalIDString = 607FACCF1AFB9204008FA782;
			remoteInfo = AMGAutolayoutHelper;
		};
/* End PBXContainerItemProxy section */

/* Begin PBXFileReference section */
		0196A06083C9831B20895035 /* Pods-AMGAutolayoutHelper_Example.debug.xcconfig */ = {isa = PBXFileReference; includeInIndex = 1; lastKnownFileType = text.xcconfig; name = "Pods-AMGAutolayoutHelper_Example.debug.xcconfig"; path = "Pods/Target Support Files/Pods-AMGAutolayoutHelper_Example/Pods-AMGAutolayoutHelper_Example.debug.xcconfig"; sourceTree = "<group>"; };
		02F968602D259A7AEBD9F763 /* Pods_AMGAutolayoutHelper_Tests.framework */ = {isa = PBXFileReference; explicitFileType = wrapper.framework; includeInIndex = 0; path = Pods_AMGAutolayoutHelper_Tests.framework; sourceTree = BUILT_PRODUCTS_DIR; };
		0A0D4EC40A6CBF03E9685A55 /* AMGAutolayoutHelper.podspec */ = {isa = PBXFileReference; includeInIndex = 1; lastKnownFileType = text; name = AMGAutolayoutHelper.podspec; path = ../AMGAutolayoutHelper.podspec; sourceTree = "<group>"; };
		28F36A1536C72B668A42254D /* LICENSE */ = {isa = PBXFileReference; includeInIndex = 1; lastKnownFileType = text; name = LICENSE; path = ../LICENSE; sourceTree = "<group>"; };
		607FACD01AFB9204008FA782 /* AMGAutolayoutHelper_Example.app */ = {isa = PBXFileReference; explicitFileType = wrapper.application; includeInIndex = 0; path = AMGAutolayoutHelper_Example.app; sourceTree = BUILT_PRODUCTS_DIR; };
		607FACD41AFB9204008FA782 /* Info.plist */ = {isa = PBXFileReference; lastKnownFileType = text.plist.xml; path = Info.plist; sourceTree = "<group>"; };
		607FACD51AFB9204008FA782 /* AppDelegate.swift */ = {isa = PBXFileReference; lastKnownFileType = sourcecode.swift; path = AppDelegate.swift; sourceTree = "<group>"; };
		607FACD71AFB9204008FA782 /* ViewController.swift */ = {isa = PBXFileReference; lastKnownFileType = sourcecode.swift; path = ViewController.swift; sourceTree = "<group>"; };
		607FACDA1AFB9204008FA782 /* Base */ = {isa = PBXFileReference; lastKnownFileType = file.storyboard; name = Base; path = Base.lproj/Main.storyboard; sourceTree = "<group>"; };
		607FACDC1AFB9204008FA782 /* Images.xcassets */ = {isa = PBXFileReference; lastKnownFileType = folder.assetcatalog; path = Images.xcassets; sourceTree = "<group>"; };
		607FACDF1AFB9204008FA782 /* Base */ = {isa = PBXFileReference; lastKnownFileType = file.xib; name = Base; path = Base.lproj/LaunchScreen.xib; sourceTree = "<group>"; };
		607FACE51AFB9204008FA782 /* AMGAutolayoutHelper_Tests.xctest */ = {isa = PBXFileReference; explicitFileType = wrapper.cfbundle; includeInIndex = 0; path = AMGAutolayoutHelper_Tests.xctest; sourceTree = BUILT_PRODUCTS_DIR; };
		607FACEA1AFB9204008FA782 /* Info.plist */ = {isa = PBXFileReference; lastKnownFileType = text.plist.xml; path = Info.plist; sourceTree = "<group>"; };
		607FACEB1AFB9204008FA782 /* Tests.swift */ = {isa = PBXFileReference; lastKnownFileType = sourcecode.swift; path = Tests.swift; sourceTree = "<group>"; };
		6B9393CE07DAC02EA81932CD /* Pods-AMGAutolayoutHelper_Tests.debug.xcconfig */ = {isa = PBXFileReference; includeInIndex = 1; lastKnownFileType = text.xcconfig; name = "Pods-AMGAutolayoutHelper_Tests.debug.xcconfig"; path = "Pods/Target Support Files/Pods-AMGAutolayoutHelper_Tests/Pods-AMGAutolayoutHelper_Tests.debug.xcconfig"; sourceTree = "<group>"; };
		A6BFA5119ACEB3F2D6E5169F /* README.md */ = {isa = PBXFileReference; includeInIndex = 1; lastKnownFileType = net.daringfireball.markdown; name = README.md; path = ../README.md; sourceTree = "<group>"; };
		A9A44137DF21A0445B24C321 /* Pods_AMGAutolayoutHelper_Example.framework */ = {isa = PBXFileReference; explicitFileType = wrapper.framework; includeInIndex = 0; path = Pods_AMGAutolayoutHelper_Example.framework; sourceTree = BUILT_PRODUCTS_DIR; };
		AD1A73AE381BC3473428F171 /* Pods-AMGAutolayoutHelper_Example.release.xcconfig */ = {isa = PBXFileReference; includeInIndex = 1; lastKnownFileType = text.xcconfig; name = "Pods-AMGAutolayoutHelper_Example.release.xcconfig"; path = "Pods/Target Support Files/Pods-AMGAutolayoutHelper_Example/Pods-AMGAutolayoutHelper_Example.release.xcconfig"; sourceTree = "<group>"; };
		ADC1EDAE1E5B35590055A4F8 /* Tests2.swift */ = {isa = PBXFileReference; fileEncoding = 4; lastKnownFileType = sourcecode.swift; path = Tests2.swift; sourceTree = "<group>"; };
		ADC1EDAF1E5B35590055A4F8 /* Tests3.swift */ = {isa = PBXFileReference; fileEncoding = 4; lastKnownFileType = sourcecode.swift; path = Tests3.swift; sourceTree = "<group>"; };
		ADC1EDB01E5B35590055A4F8 /* Tests4.swift */ = {isa = PBXFileReference; fileEncoding = 4; lastKnownFileType = sourcecode.swift; path = Tests4.swift; sourceTree = "<group>"; };
		ADC1EDB11E5B35590055A4F8 /* Tests5.swift */ = {isa = PBXFileReference; fileEncoding = 4; lastKnownFileType = sourcecode.swift; path = Tests5.swift; sourceTree = "<group>"; };
		ADC1EDB21E5B35590055A4F8 /* Tests6.swift */ = {isa = PBXFileReference; fileEncoding = 4; lastKnownFileType = sourcecode.swift; path = Tests6.swift; sourceTree = "<group>"; };
		ADC1EDB31E5B35590055A4F8 /* Tests7.swift */ = {isa = PBXFileReference; fileEncoding = 4; lastKnownFileType = sourcecode.swift; path = Tests7.swift; sourceTree = "<group>"; };
		ADC1EDB41E5B35590055A4F8 /* Tests8.swift */ = {isa = PBXFileReference; fileEncoding = 4; lastKnownFileType = sourcecode.swift; path = Tests8.swift; sourceTree = "<group>"; };
		ADC1EDB51E5B35590055A4F8 /* Tests9.swift */ = {isa = PBXFileReference; fileEncoding = 4; lastKnownFileType = sourcecode.swift; path = Tests9.swift; sourceTree = "<group>"; };
		ADC1EDB61E5B35590055A4F8 /* Tests10.swift */ = {isa = PBXFileReference; fileEncoding = 4; lastKnownFileType = sourcecode.swift; path = Tests10.swift; sourceTree = "<group>"; };
		ADC1EDB71E5B35590055A4F8 /* Tests11.swift */ = {isa = PBXFileReference; fileEncoding = 4; lastKnownFileType = sourcecode.swift; path = Tests11.swift; sourceTree = "<group>"; };
		ADC1EDB81E5B35590055A4F8 /* Tests12.swift */ = {isa = PBXFileReference; fileEncoding = 4; lastKnownFileType = sourcecode.swift; path = Tests12.swift; sourceTree = "<group>"; };
		ADC1EDB91E5B35590055A4F8 /* Tests13.swift */ = {isa = PBXFileReference; fileEncoding = 4; lastKnownFileType = sourcecode.swift; path = Tests13.swift; sourceTree = "<group>"; };
		ADC1EDBA1E5B35590055A4F8 /* Tests14.swift */ = {isa = PBXFileReference; fileEncoding = 4; lastKnownFileType = sourcecode.swift; path = Tests14.swift; sourceTree = "<group>"; };
		ADC1EDBB1E5B35590055A4F8 /* Tests15.swift */ = {isa = PBXFileReference; fileEncoding = 4; lastKnownFileType = sourcecode.swift; path = Tests15.swift; sourceTree = "<group>"; };
		ADC1EDBC1E5B35590055A4F8 /* Tests16.swift */ = {isa = PBXFileReference; fileEncoding = 4; lastKnownFileType = sourcecode.swift; path = Tests16.swift; sourceTree = "<group>"; };
		ADC1EDBE1E5B35590055A4F8 /* Tests18.swift */ = {isa = PBXFileReference; fileEncoding = 4; lastKnownFileType = sourcecode.swift; path = Tests18.swift; sourceTree = "<group>"; };
		ADC1EDBF1E5B35590055A4F8 /* Tests19.swift */ = {isa = PBXFileReference; fileEncoding = 4; lastKnownFileType = sourcecode.swift; path = Tests19.swift; sourceTree = "<group>"; };
		ADC1EDC01E5B35590055A4F8 /* Tests20.swift */ = {isa = PBXFileReference; fileEncoding = 4; lastKnownFileType = sourcecode.swift; path = Tests20.swift; sourceTree = "<group>"; };
		ADC1EDC11E5B35590055A4F8 /* Tests21.swift */ = {isa = PBXFileReference; fileEncoding = 4; lastKnownFileType = sourcecode.swift; path = Tests21.swift; sourceTree = "<group>"; };
		ADC1EDC21E5B35590055A4F8 /* Tests22.swift */ = {isa = PBXFileReference; fileEncoding = 4; lastKnownFileType = sourcecode.swift; path = Tests22.swift; sourceTree = "<group>"; };
		ADC1EDC31E5B35590055A4F8 /* Tests23.swift */ = {isa = PBXFileReference; fileEncoding = 4; lastKnownFileType = sourcecode.swift; path = Tests23.swift; sourceTree = "<group>"; };
		ADC1EDC41E5B35590055A4F8 /* Tests24.swift */ = {isa = PBXFileReference; fileEncoding = 4; lastKnownFileType = sourcecode.swift; path = Tests24.swift; sourceTree = "<group>"; };
		ADC1EDC51E5B35590055A4F8 /* Tests25.swift */ = {isa = PBXFileReference; fileEncoding = 4; lastKnownFileType = sourcecode.swift; path = Tests25.swift; sourceTree = "<group>"; };
		D5F6E536CF476664B443D6CA /* Pods-AMGAutolayoutHelper_Tests.release.xcconfig */ = {isa = PBXFileReference; includeInIndex = 1; lastKnownFileType = text.xcconfig; name = "Pods-AMGAutolayoutHelper_Tests.release.xcconfig"; path = "Pods/Target Support Files/Pods-AMGAutolayoutHelper_Tests/Pods-AMGAutolayoutHelper_Tests.release.xcconfig"; sourceTree = "<group>"; };
/* End PBXFileReference section */

/* Begin PBXFrameworksBuildPhase section */
		607FACCD1AFB9204008FA782 /* Frameworks */ = {
			isa = PBXFrameworksBuildPhase;
			buildActionMask = 2147483647;
			files = (
				C5793924A5FE8CE414042C84 /* Pods_AMGAutolayoutHelper_Example.framework in Frameworks */,
			);
			runOnlyForDeploymentPostprocessing = 0;
		};
		607FACE21AFB9204008FA782 /* Frameworks */ = {
			isa = PBXFrameworksBuildPhase;
			buildActionMask = 2147483647;
			files = (
				66EEE18FD670BC87AA15E8B4 /* Pods_AMGAutolayoutHelper_Tests.framework in Frameworks */,
			);
			runOnlyForDeploymentPostprocessing = 0;
		};
/* End PBXFrameworksBuildPhase section */

/* Begin PBXGroup section */
		444BEE919233F4EE962FE8EB /* Pods */ = {
			isa = PBXGroup;
			children = (
				0196A06083C9831B20895035 /* Pods-AMGAutolayoutHelper_Example.debug.xcconfig */,
				AD1A73AE381BC3473428F171 /* Pods-AMGAutolayoutHelper_Example.release.xcconfig */,
				6B9393CE07DAC02EA81932CD /* Pods-AMGAutolayoutHelper_Tests.debug.xcconfig */,
				D5F6E536CF476664B443D6CA /* Pods-AMGAutolayoutHelper_Tests.release.xcconfig */,
			);
			name = Pods;
			sourceTree = "<group>";
		};
		607FACC71AFB9204008FA782 = {
			isa = PBXGroup;
			children = (
				607FACF51AFB993E008FA782 /* Podspec Metadata */,
				607FACD21AFB9204008FA782 /* Example for AMGAutolayoutHelper */,
				607FACE81AFB9204008FA782 /* Tests */,
				607FACD11AFB9204008FA782 /* Products */,
				444BEE919233F4EE962FE8EB /* Pods */,
				89BD1F9D2566C78D953B8794 /* Frameworks */,
			);
			sourceTree = "<group>";
		};
		607FACD11AFB9204008FA782 /* Products */ = {
			isa = PBXGroup;
			children = (
				607FACD01AFB9204008FA782 /* AMGAutolayoutHelper_Example.app */,
				607FACE51AFB9204008FA782 /* AMGAutolayoutHelper_Tests.xctest */,
			);
			name = Products;
			sourceTree = "<group>";
		};
		607FACD21AFB9204008FA782 /* Example for AMGAutolayoutHelper */ = {
			isa = PBXGroup;
			children = (
				607FACD51AFB9204008FA782 /* AppDelegate.swift */,
				607FACD71AFB9204008FA782 /* ViewController.swift */,
				607FACD91AFB9204008FA782 /* Main.storyboard */,
				607FACDC1AFB9204008FA782 /* Images.xcassets */,
				607FACDE1AFB9204008FA782 /* LaunchScreen.xib */,
				607FACD31AFB9204008FA782 /* Supporting Files */,
			);
			name = "Example for AMGAutolayoutHelper";
			path = AMGAutolayoutHelper;
			sourceTree = "<group>";
		};
		607FACD31AFB9204008FA782 /* Supporting Files */ = {
			isa = PBXGroup;
			children = (
				607FACD41AFB9204008FA782 /* Info.plist */,
			);
			name = "Supporting Files";
			sourceTree = "<group>";
		};
		607FACE81AFB9204008FA782 /* Tests */ = {
			isa = PBXGroup;
			children = (
				607FACEB1AFB9204008FA782 /* Tests.swift */,
				ADC1EDAE1E5B35590055A4F8 /* Tests2.swift */,
				ADC1EDAF1E5B35590055A4F8 /* Tests3.swift */,
				ADC1EDB01E5B35590055A4F8 /* Tests4.swift */,
				ADC1EDB11E5B35590055A4F8 /* Tests5.swift */,
				ADC1EDB21E5B35590055A4F8 /* Tests6.swift */,
				ADC1EDB31E5B35590055A4F8 /* Tests7.swift */,
				ADC1EDB41E5B35590055A4F8 /* Tests8.swift */,
				ADC1EDB51E5B35590055A4F8 /* Tests9.swift */,
				ADC1EDB61E5B35590055A4F8 /* Tests10.swift */,
				ADC1EDB71E5B35590055A4F8 /* Tests11.swift */,
				ADC1EDB81E5B35590055A4F8 /* Tests12.swift */,
				ADC1EDB91E5B35590055A4F8 /* Tests13.swift */,
				ADC1EDBA1E5B35590055A4F8 /* Tests14.swift */,
				ADC1EDBB1E5B35590055A4F8 /* Tests15.swift */,
				ADC1EDBC1E5B35590055A4F8 /* Tests16.swift */,
				ADC1EDBE1E5B35590055A4F8 /* Tests18.swift */,
				ADC1EDBF1E5B35590055A4F8 /* Tests19.swift */,
				ADC1EDC01E5B35590055A4F8 /* Tests20.swift */,
				ADC1EDC11E5B35590055A4F8 /* Tests21.swift */,
				ADC1EDC21E5B35590055A4F8 /* Tests22.swift */,
				ADC1EDC31E5B35590055A4F8 /* Tests23.swift */,
				ADC1EDC41E5B35590055A4F8 /* Tests24.swift */,
				ADC1EDC51E5B35590055A4F8 /* Tests25.swift */,
				607FACE91AFB9204008FA782 /* Supporting Files */,
			);
			path = Tests;
			sourceTree = "<group>";
		};
		607FACE91AFB9204008FA782 /* Supporting Files */ = {
			isa = PBXGroup;
			children = (
				607FACEA1AFB9204008FA782 /* Info.plist */,
			);
			name = "Supporting Files";
			sourceTree = "<group>";
		};
		607FACF51AFB993E008FA782 /* Podspec Metadata */ = {
			isa = PBXGroup;
			children = (
				0A0D4EC40A6CBF03E9685A55 /* AMGAutolayoutHelper.podspec */,
				A6BFA5119ACEB3F2D6E5169F /* README.md */,
				28F36A1536C72B668A42254D /* LICENSE */,
			);
			name = "Podspec Metadata";
			sourceTree = "<group>";
		};
		89BD1F9D2566C78D953B8794 /* Frameworks */ = {
			isa = PBXGroup;
			children = (
				A9A44137DF21A0445B24C321 /* Pods_AMGAutolayoutHelper_Example.framework */,
				02F968602D259A7AEBD9F763 /* Pods_AMGAutolayoutHelper_Tests.framework */,
			);
			name = Frameworks;
			sourceTree = "<group>";
		};
/* End PBXGroup section */

/* Begin PBXNativeTarget section */
		607FACCF1AFB9204008FA782 /* AMGAutolayoutHelper_Example */ = {
			isa = PBXNativeTarget;
			buildConfigurationList = 607FACEF1AFB9204008FA782 /* Build configuration list for PBXNativeTarget "AMGAutolayoutHelper_Example" */;
			buildPhases = (
				D42BDDA5797A6CDE0B6CEFAB /* [CP] Check Pods Manifest.lock */,
				607FACCC1AFB9204008FA782 /* Sources */,
				607FACCD1AFB9204008FA782 /* Frameworks */,
				607FACCE1AFB9204008FA782 /* Resources */,
				E8A4A595AB885D59C4C40FE5 /* [CP] Embed Pods Frameworks */,
				CF56768332F3A3BA0BEA61FD /* [CP] Copy Pods Resources */,
			);
			buildRules = (
			);
			dependencies = (
			);
			name = AMGAutolayoutHelper_Example;
			productName = AMGAutolayoutHelper;
			productReference = 607FACD01AFB9204008FA782 /* AMGAutolayoutHelper_Example.app */;
			productType = "com.apple.product-type.application";
		};
		607FACE41AFB9204008FA782 /* AMGAutolayoutHelper_Tests */ = {
			isa = PBXNativeTarget;
			buildConfigurationList = 607FACF21AFB9204008FA782 /* Build configuration list for PBXNativeTarget "AMGAutolayoutHelper_Tests" */;
			buildPhases = (
				F9AE30390F1F78B6FB6A1254 /* [CP] Check Pods Manifest.lock */,
				607FACE11AFB9204008FA782 /* Sources */,
				607FACE21AFB9204008FA782 /* Frameworks */,
				607FACE31AFB9204008FA782 /* Resources */,
				78D8B00F47FA0F8D2182DDDA /* [CP] Embed Pods Frameworks */,
				5A126ECCDCB3DBD02BF562BC /* [CP] Copy Pods Resources */,
			);
			buildRules = (
			);
			dependencies = (
				607FACE71AFB9204008FA782 /* PBXTargetDependency */,
			);
			name = AMGAutolayoutHelper_Tests;
			productName = Tests;
			productReference = 607FACE51AFB9204008FA782 /* AMGAutolayoutHelper_Tests.xctest */;
			productType = "com.apple.product-type.bundle.unit-test";
		};
/* End PBXNativeTarget section */

/* Begin PBXProject section */
		607FACC81AFB9204008FA782 /* Project object */ = {
			isa = PBXProject;
			attributes = {
				LastSwiftUpdateCheck = 0720;
				LastUpgradeCheck = 0720;
				ORGANIZATIONNAME = CocoaPods;
				TargetAttributes = {
					607FACCF1AFB9204008FA782 = {
						CreatedOnToolsVersion = 6.3.1;
						DevelopmentTeam = Y9LBLMNMZG;
						LastSwiftMigration = 0820;
					};
					607FACE41AFB9204008FA782 = {
						CreatedOnToolsVersion = 6.3.1;
						DevelopmentTeam = Y9LBLMNMZG;
						LastSwiftMigration = 0820;
						TestTargetID = 607FACCF1AFB9204008FA782;
					};
				};
			};
			buildConfigurationList = 607FACCB1AFB9204008FA782 /* Build configuration list for PBXProject "AMGAutolayoutHelper" */;
			compatibilityVersion = "Xcode 3.2";
			developmentRegion = English;
			hasScannedForEncodings = 0;
			knownRegions = (
				en,
				Base,
			);
			mainGroup = 607FACC71AFB9204008FA782;
			productRefGroup = 607FACD11AFB9204008FA782 /* Products */;
			projectDirPath = "";
			projectRoot = "";
			targets = (
				607FACCF1AFB9204008FA782 /* AMGAutolayoutHelper_Example */,
				607FACE41AFB9204008FA782 /* AMGAutolayoutHelper_Tests */,
			);
		};
/* End PBXProject section */

/* Begin PBXResourcesBuildPhase section */
		607FACCE1AFB9204008FA782 /* Resources */ = {
			isa = PBXResourcesBuildPhase;
			buildActionMask = 2147483647;
			files = (
				607FACDB1AFB9204008FA782 /* Main.storyboard in Resources */,
				607FACE01AFB9204008FA782 /* LaunchScreen.xib in Resources */,
				607FACDD1AFB9204008FA782 /* Images.xcassets in Resources */,
			);
			runOnlyForDeploymentPostprocessing = 0;
		};
		607FACE31AFB9204008FA782 /* Resources */ = {
			isa = PBXResourcesBuildPhase;
			buildActionMask = 2147483647;
			files = (
			);
			runOnlyForDeploymentPostprocessing = 0;
		};
/* End PBXResourcesBuildPhase section */

/* Begin PBXShellScriptBuildPhase section */
		5A126ECCDCB3DBD02BF562BC /* [CP] Copy Pods Resources */ = {
			isa = PBXShellScriptBuildPhase;
			buildActionMask = 2147483647;
			files = (
			);
			inputPaths = (
			);
			name = "[CP] Copy Pods Resources";
			outputPaths = (
			);
			runOnlyForDeploymentPostprocessing = 0;
			shellPath = /bin/sh;
			shellScript = "\"${SRCROOT}/Pods/Target Support Files/Pods-AMGAutolayoutHelper_Tests/Pods-AMGAutolayoutHelper_Tests-resources.sh\"\n";
			showEnvVarsInLog = 0;
		};
		78D8B00F47FA0F8D2182DDDA /* [CP] Embed Pods Frameworks */ = {
			isa = PBXShellScriptBuildPhase;
			buildActionMask = 2147483647;
			files = (
			);
			inputPaths = (
			);
			name = "[CP] Embed Pods Frameworks";
			outputPaths = (
			);
			runOnlyForDeploymentPostprocessing = 0;
			shellPath = /bin/sh;
			shellScript = "\"${SRCROOT}/Pods/Target Support Files/Pods-AMGAutolayoutHelper_Tests/Pods-AMGAutolayoutHelper_Tests-frameworks.sh\"\n";
			showEnvVarsInLog = 0;
		};
		CF56768332F3A3BA0BEA61FD /* [CP] Copy Pods Resources */ = {
			isa = PBXShellScriptBuildPhase;
			buildActionMask = 2147483647;
			files = (
			);
			inputPaths = (
			);
			name = "[CP] Copy Pods Resources";
			outputPaths = (
			);
			runOnlyForDeploymentPostprocessing = 0;
			shellPath = /bin/sh;
			shellScript = "\"${SRCROOT}/Pods/Target Support Files/Pods-AMGAutolayoutHelper_Example/Pods-AMGAutolayoutHelper_Example-resources.sh\"\n";
			showEnvVarsInLog = 0;
		};
		D42BDDA5797A6CDE0B6CEFAB /* [CP] Check Pods Manifest.lock */ = {
			isa = PBXShellScriptBuildPhase;
			buildActionMask = 2147483647;
			files = (
			);
			inputPaths = (
			);
			name = "[CP] Check Pods Manifest.lock";
			outputPaths = (
			);
			runOnlyForDeploymentPostprocessing = 0;
			shellPath = /bin/sh;
			shellScript = "diff \"${PODS_ROOT}/../Podfile.lock\" \"${PODS_ROOT}/Manifest.lock\" > /dev/null\nif [ $? != 0 ] ; then\n    # print error to STDERR\n    echo \"error: The sandbox is not in sync with the Podfile.lock. Run 'pod install' or update your CocoaPods installation.\" >&2\n    exit 1\nfi\n";
			showEnvVarsInLog = 0;
		};
		E8A4A595AB885D59C4C40FE5 /* [CP] Embed Pods Frameworks */ = {
			isa = PBXShellScriptBuildPhase;
			buildActionMask = 2147483647;
			files = (
			);
			inputPaths = (
			);
			name = "[CP] Embed Pods Frameworks";
			outputPaths = (
			);
			runOnlyForDeploymentPostprocessing = 0;
			shellPath = /bin/sh;
			shellScript = "\"${SRCROOT}/Pods/Target Support Files/Pods-AMGAutolayoutHelper_Example/Pods-AMGAutolayoutHelper_Example-frameworks.sh\"\n";
			showEnvVarsInLog = 0;
		};
		F9AE30390F1F78B6FB6A1254 /* [CP] Check Pods Manifest.lock */ = {
			isa = PBXShellScriptBuildPhase;
			buildActionMask = 2147483647;
			files = (
			);
			inputPaths = (
			);
			name = "[CP] Check Pods Manifest.lock";
			outputPaths = (
			);
			runOnlyForDeploymentPostprocessing = 0;
			shellPath = /bin/sh;
			shellScript = "diff \"${PODS_ROOT}/../Podfile.lock\" \"${PODS_ROOT}/Manifest.lock\" > /dev/null\nif [ $? != 0 ] ; then\n    # print error to STDERR\n    echo \"error: The sandbox is not in sync with the Podfile.lock. Run 'pod install' or update your CocoaPods installation.\" >&2\n    exit 1\nfi\n";
			showEnvVarsInLog = 0;
		};
/* End PBXShellScriptBuildPhase section */

/* Begin PBXSourcesBuildPhase section */
		607FACCC1AFB9204008FA782 /* Sources */ = {
			isa = PBXSourcesBuildPhase;
			buildActionMask = 2147483647;
			files = (
				607FACD81AFB9204008FA782 /* ViewController.swift in Sources */,
				ADC1EDD31E5B35590055A4F8 /* Tests15.swift in Sources */,
				ADC1EDD11E5B35590055A4F8 /* Tests13.swift in Sources */,
				ADC1EDD91E5B35590055A4F8 /* Tests21.swift in Sources */,
				ADC1EDDA1E5B35590055A4F8 /* Tests22.swift in Sources */,
				ADC1EDDD1E5B35590055A4F8 /* Tests25.swift in Sources */,
				ADC1EDD41E5B35590055A4F8 /* Tests16.swift in Sources */,
				ADC1EDD71E5B35590055A4F8 /* Tests19.swift in Sources */,
				ADC1EDCF1E5B35590055A4F8 /* Tests11.swift in Sources */,
				ADC1EDCB1E5B35590055A4F8 /* Tests7.swift in Sources */,
				ADC1EDC71E5B35590055A4F8 /* Tests3.swift in Sources */,
				ADC1EDC81E5B35590055A4F8 /* Tests4.swift in Sources */,
				607FACD61AFB9204008FA782 /* AppDelegate.swift in Sources */,
				ADC1EDD01E5B35590055A4F8 /* Tests12.swift in Sources */,
				ADC1EDCC1E5B35590055A4F8 /* Tests8.swift in Sources */,
				ADC1EDC61E5B35590055A4F8 /* Tests2.swift in Sources */,
				ADC1EDDB1E5B35590055A4F8 /* Tests23.swift in Sources */,
				ADC1EDD21E5B35590055A4F8 /* Tests14.swift in Sources */,
				ADC1EDCD1E5B35590055A4F8 /* Tests9.swift in Sources */,
				ADC1EDD81E5B35590055A4F8 /* Tests20.swift in Sources */,
				ADC1EDDC1E5B35590055A4F8 /* Tests24.swift in Sources */,
				ADC1EDC91E5B35590055A4F8 /* Tests5.swift in Sources */,
				ADC1EDCE1E5B35590055A4F8 /* Tests10.swift in Sources */,
				ADC1EDCA1E5B35590055A4F8 /* Tests6.swift in Sources */,
				ADC1EDD61E5B35590055A4F8 /* Tests18.swift in Sources */,
			);
			runOnlyForDeploymentPostprocessing = 0;
		};
		607FACE11AFB9204008FA782 /* Sources */ = {
			isa = PBXSourcesBuildPhase;
			buildActionMask = 2147483647;
			files = (
				ADC1EDE91E5B36010055A4F8 /* Tests13.swift in Sources */,
				ADC1EDEE1E5B36010055A4F8 /* Tests19.swift in Sources */,
				ADC1EDF21E5B36010055A4F8 /* Tests23.swift in Sources */,
				ADC1EDE61E5B36010055A4F8 /* Tests10.swift in Sources */,
				ADC1EDED1E5B36010055A4F8 /* Tests18.swift in Sources */,
				ADC1EDEC1E5B36010055A4F8 /* Tests16.swift in Sources */,
				ADC1EDDE1E5B36010055A4F8 /* Tests2.swift in Sources */,
				607FACEC1AFB9204008FA782 /* Tests.swift in Sources */,
				ADC1EDE41E5B36010055A4F8 /* Tests8.swift in Sources */,
				ADC1EDE21E5B36010055A4F8 /* Tests6.swift in Sources */,
				ADC1EDF41E5B36010055A4F8 /* Tests25.swift in Sources */,
				ADC1EDE11E5B36010055A4F8 /* Tests5.swift in Sources */,
				ADC1EDF11E5B36010055A4F8 /* Tests22.swift in Sources */,
				ADC1EDF01E5B36010055A4F8 /* Tests21.swift in Sources */,
				ADC1EDE51E5B36010055A4F8 /* Tests9.swift in Sources */,
				ADC1EDF31E5B36010055A4F8 /* Tests24.swift in Sources */,
				ADC1EDE31E5B36010055A4F8 /* Tests7.swift in Sources */,
				ADC1EDE71E5B36010055A4F8 /* Tests11.swift in Sources */,
				ADC1EDEB1E5B36010055A4F8 /* Tests15.swift in Sources */,
				ADC1EDE01E5B36010055A4F8 /* Tests4.swift in Sources */,
				ADC1EDE81E5B36010055A4F8 /* Tests12.swift in Sources */,
				ADC1EDEA1E5B36010055A4F8 /* Tests14.swift in Sources */,
				ADC1EDDF1E5B36010055A4F8 /* Tests3.swift in Sources */,
				ADC1EDEF1E5B36010055A4F8 /* Tests20.swift in Sources */,
			);
			runOnlyForDeploymentPostprocessing = 0;
		};
/* End PBXSourcesBuildPhase section */

/* Begin PBXTargetDependency section */
		607FACE71AFB9204008FA782 /* PBXTargetDependency */ = {
			isa = PBXTargetDependency;
			target = 607FACCF1AFB9204008FA782 /* AMGAutolayoutHelper_Example */;
			targetProxy = 607FACE61AFB9204008FA782 /* PBXContainerItemProxy */;
		};
/* End PBXTargetDependency section */

/* Begin PBXVariantGroup section */
		607FACD91AFB9204008FA782 /* Main.storyboard */ = {
			isa = PBXVariantGroup;
			children = (
				607FACDA1AFB9204008FA782 /* Base */,
			);
			name = Main.storyboard;
			sourceTree = "<group>";
		};
		607FACDE1AFB9204008FA782 /* LaunchScreen.xib */ = {
			isa = PBXVariantGroup;
			children = (
				607FACDF1AFB9204008FA782 /* Base */,
			);
			name = LaunchScreen.xib;
			sourceTree = "<group>";
		};
/* End PBXVariantGroup section */

/* Begin XCBuildConfiguration section */
		607FACED1AFB9204008FA782 /* Debug */ = {
			isa = XCBuildConfiguration;
			buildSettings = {
				ALWAYS_SEARCH_USER_PATHS = NO;
				CLANG_CXX_LANGUAGE_STANDARD = "gnu++0x";
				CLANG_CXX_LIBRARY = "libc++";
				CLANG_ENABLE_MODULES = YES;
				CLANG_ENABLE_OBJC_ARC = YES;
				CLANG_WARN_BOOL_CONVERSION = YES;
				CLANG_WARN_CONSTANT_CONVERSION = YES;
				CLANG_WARN_DIRECT_OBJC_ISA_USAGE = YES_ERROR;
				CLANG_WARN_EMPTY_BODY = YES;
				CLANG_WARN_ENUM_CONVERSION = YES;
				CLANG_WARN_INT_CONVERSION = YES;
				CLANG_WARN_OBJC_ROOT_CLASS = YES_ERROR;
				CLANG_WARN_UNREACHABLE_CODE = YES;
				CLANG_WARN__DUPLICATE_METHOD_MATCH = YES;
				"CODE_SIGN_IDENTITY[sdk=iphoneos*]" = "iPhone Developer";
				COPY_PHASE_STRIP = NO;
				DEBUG_INFORMATION_FORMAT = "dwarf-with-dsym";
				ENABLE_STRICT_OBJC_MSGSEND = YES;
				ENABLE_TESTABILITY = YES;
				GCC_C_LANGUAGE_STANDARD = gnu99;
				GCC_DYNAMIC_NO_PIC = NO;
				GCC_NO_COMMON_BLOCKS = YES;
				GCC_OPTIMIZATION_LEVEL = 0;
				GCC_PREPROCESSOR_DEFINITIONS = (
					"DEBUG=1",
					"$(inherited)",
				);
				GCC_SYMBOLS_PRIVATE_EXTERN = NO;
				GCC_WARN_64_TO_32_BIT_CONVERSION = YES;
				GCC_WARN_ABOUT_RETURN_TYPE = YES_ERROR;
				GCC_WARN_UNDECLARED_SELECTOR = YES;
				GCC_WARN_UNINITIALIZED_AUTOS = YES_AGGRESSIVE;
				GCC_WARN_UNUSED_FUNCTION = YES;
				GCC_WARN_UNUSED_VARIABLE = YES;
				IPHONEOS_DEPLOYMENT_TARGET = 8.3;
				MTL_ENABLE_DEBUG_INFO = YES;
				ONLY_ACTIVE_ARCH = YES;
				SDKROOT = iphoneos;
				SWIFT_OPTIMIZATION_LEVEL = "-Onone";
			};
			name = Debug;
		};
		607FACEE1AFB9204008FA782 /* Release */ = {
			isa = XCBuildConfiguration;
			buildSettings = {
				ALWAYS_SEARCH_USER_PATHS = NO;
				CLANG_CXX_LANGUAGE_STANDARD = "gnu++0x";
				CLANG_CXX_LIBRARY = "libc++";
				CLANG_ENABLE_MODULES = YES;
				CLANG_ENABLE_OBJC_ARC = YES;
				CLANG_WARN_BOOL_CONVERSION = YES;
				CLANG_WARN_CONSTANT_CONVERSION = YES;
				CLANG_WARN_DIRECT_OBJC_ISA_USAGE = YES_ERROR;
				CLANG_WARN_EMPTY_BODY = YES;
				CLANG_WARN_ENUM_CONVERSION = YES;
				CLANG_WARN_INT_CONVERSION = YES;
				CLANG_WARN_OBJC_ROOT_CLASS = YES_ERROR;
				CLANG_WARN_UNREACHABLE_CODE = YES;
				CLANG_WARN__DUPLICATE_METHOD_MATCH = YES;
				"CODE_SIGN_IDENTITY[sdk=iphoneos*]" = "iPhone Developer";
				COPY_PHASE_STRIP = NO;
				DEBUG_INFORMATION_FORMAT = "dwarf-with-dsym";
				ENABLE_NS_ASSERTIONS = NO;
				ENABLE_STRICT_OBJC_MSGSEND = YES;
				GCC_C_LANGUAGE_STANDARD = gnu99;
				GCC_NO_COMMON_BLOCKS = YES;
				GCC_WARN_64_TO_32_BIT_CONVERSION = YES;
				GCC_WARN_ABOUT_RETURN_TYPE = YES_ERROR;
				GCC_WARN_UNDECLARED_SELECTOR = YES;
				GCC_WARN_UNINITIALIZED_AUTOS = YES_AGGRESSIVE;
				GCC_WARN_UNUSED_FUNCTION = YES;
				GCC_WARN_UNUSED_VARIABLE = YES;
				IPHONEOS_DEPLOYMENT_TARGET = 8.3;
				MTL_ENABLE_DEBUG_INFO = NO;
				SDKROOT = iphoneos;
				VALIDATE_PRODUCT = YES;
			};
			name = Release;
		};
		607FACF01AFB9204008FA782 /* Debug */ = {
			isa = XCBuildConfiguration;
			baseConfigurationReference = 0196A06083C9831B20895035 /* Pods-AMGAutolayoutHelper_Example.debug.xcconfig */;
			buildSettings = {
				ASSETCATALOG_COMPILER_APPICON_NAME = AppIcon;
				DEVELOPMENT_TEAM = Y9LBLMNMZG;
				INFOPLIST_FILE = AMGAutolayoutHelper/Info.plist;
				LD_RUNPATH_SEARCH_PATHS = "$(inherited) @executable_path/Frameworks";
				MODULE_NAME = ExampleApp;
				PRODUCT_BUNDLE_IDENTIFIER = "org.cocoapods.demo.$(PRODUCT_NAME:rfc1034identifier)";
				PRODUCT_NAME = "$(TARGET_NAME)";
				SWIFT_VERSION = 3.0;
			};
			name = Debug;
		};
		607FACF11AFB9204008FA782 /* Release */ = {
			isa = XCBuildConfiguration;
			baseConfigurationReference = AD1A73AE381BC3473428F171 /* Pods-AMGAutolayoutHelper_Example.release.xcconfig */;
			buildSettings = {
				ASSETCATALOG_COMPILER_APPICON_NAME = AppIcon;
				DEVELOPMENT_TEAM = Y9LBLMNMZG;
				INFOPLIST_FILE = AMGAutolayoutHelper/Info.plist;
				LD_RUNPATH_SEARCH_PATHS = "$(inherited) @executable_path/Frameworks";
				MODULE_NAME = ExampleApp;
				PRODUCT_BUNDLE_IDENTIFIER = "org.cocoapods.demo.$(PRODUCT_NAME:rfc1034identifier)";
				PRODUCT_NAME = "$(TARGET_NAME)";
				SWIFT_VERSION = 3.0;
			};
			name = Release;
		};
		607FACF31AFB9204008FA782 /* Debug */ = {
			isa = XCBuildConfiguration;
			baseConfigurationReference = 6B9393CE07DAC02EA81932CD /* Pods-AMGAutolayoutHelper_Tests.debug.xcconfig */;
			buildSettings = {
				DEVELOPMENT_TEAM = Y9LBLMNMZG;
				FRAMEWORK_SEARCH_PATHS = (
					"$(SDKROOT)/Developer/Library/Frameworks",
					"$(inherited)",
				);
				GCC_PREPROCESSOR_DEFINITIONS = (
					"DEBUG=1",
					"$(inherited)",
				);
				INFOPLIST_FILE = Tests/Info.plist;
				LD_RUNPATH_SEARCH_PATHS = "$(inherited) @executable_path/Frameworks @loader_path/Frameworks";
				PRODUCT_BUNDLE_IDENTIFIER = "org.cocoapods.$(PRODUCT_NAME:rfc1034identifier)";
				PRODUCT_NAME = "$(TARGET_NAME)";
				SWIFT_VERSION = 3.0;
			};
			name = Debug;
		};
		607FACF41AFB9204008FA782 /* Release */ = {
			isa = XCBuildConfiguration;
			baseConfigurationReference = D5F6E536CF476664B443D6CA /* Pods-AMGAutolayoutHelper_Tests.release.xcconfig */;
			buildSettings = {
				DEVELOPMENT_TEAM = Y9LBLMNMZG;
				FRAMEWORK_SEARCH_PATHS = (
					"$(SDKROOT)/Developer/Library/Frameworks",
					"$(inherited)",
				);
				INFOPLIST_FILE = Tests/Info.plist;
				LD_RUNPATH_SEARCH_PATHS = "$(inherited) @executable_path/Frameworks @loader_path/Frameworks";
				PRODUCT_BUNDLE_IDENTIFIER = "org.cocoapods.$(PRODUCT_NAME:rfc1034identifier)";
				PRODUCT_NAME = "$(TARGET_NAME)";
				SWIFT_VERSION = 3.0;
			};
			name = Release;
		};
/* End XCBuildConfiguration section */

/* Begin XCConfigurationList section */
		607FACCB1AFB9204008FA782 /* Build configuration list for PBXProject "AMGAutolayoutHelper" */ = {
			isa = XCConfigurationList;
			buildConfigurations = (
				607FACED1AFB9204008FA782 /* Debug */,
				607FACEE1AFB9204008FA782 /* Release */,
			);
			defaultConfigurationIsVisible = 0;
			defaultConfigurationName = Release;
		};
		607FACEF1AFB9204008FA782 /* Build configuration list for PBXNativeTarget "AMGAutolayoutHelper_Example" */ = {
			isa = XCConfigurationList;
			buildConfigurations = (
				607FACF01AFB9204008FA782 /* Debug */,
				607FACF11AFB9204008FA782 /* Release */,
			);
			defaultConfigurationIsVisible = 0;
			defaultConfigurationName = Release;
		};
		607FACF21AFB9204008FA782 /* Build configuration list for PBXNativeTarget "AMGAutolayoutHelper_Tests" */ = {
			isa = XCConfigurationList;
			buildConfigurations = (
				607FACF31AFB9204008FA782 /* Debug */,
				607FACF41AFB9204008FA782 /* Release */,
			);
			defaultConfigurationIsVisible = 0;
			defaultConfigurationName = Release;
		};
/* End XCConfigurationList section */
	};
	rootObject = 607FACC81AFB9204008FA782 /* Project object */;
}
